
Microsoft Visual Studio Solution File, Format Version 12.00
# Visual Studio Version 17
VisualStudioVersion = 17.13.35806.99 d17.13
MinimumVisualStudioVersion = 10.0.40219.1
Project("{FAE04EC0-301F-11D3-BF4B-00C04F79EFBC}") = "KeyboardTester", "KeyboardTester.csproj", "{97A43F82-0C59-418F-84EA-DD9F4DC52D1B}"
EndProject
Global
	GlobalSection(SolutionConfigurationPlatforms) = preSolution
		Debug|Any CPU = Debug|Any CPU
		Release|Any CPU = Release|Any CPU
	EndGlobalSection
	GlobalSection(ProjectConfigurationPlatforms) = postSolution
		{97A43F82-0C59-418F-84EA-DD9F4DC52D1B}.Debug|Any CPU.ActiveCfg = Debug|Any CPU
		{97A43F82-0C59-418F-84EA-DD9F4DC52D1B}.Debug|Any CPU.Build.0 = Debug|Any CPU
		{97A43F82-0C59-418F-84EA-DD9F4DC52D1B}.Release|Any CPU.ActiveCfg = Release|Any CPU
		{97A43F82-0C59-418F-84EA-DD9F4DC52D1B}.Release|Any CPU.Build.0 = Release|Any CPU
	EndGlobalSection
	GlobalSection(SolutionProperties) = preSolution
		HideSolutionNode = FALSE
	EndGlobalSection
	GlobalSection(ExtensibilityGlobals) = postSolution
		SolutionGuid = {38D67697-3B71-42ED-AE98-307CDD87449A}
	EndGlobalSection
EndGlobal
